<?xml version="1.0" encoding="utf-8"?>
<Project ToolsVersion="4.0" xmlns="http://schemas.microsoft.com/developer/msbuild/2003">
  <ItemGroup>
    <Filter Include="Source Files">
      <UniqueIdentifier>{4FC737F1-C7A5-4376-A066-2A32D752A2FF}</UniqueIdentifier>
      <Extensions>cpp;c;cc;cxx;def;odl;idl;hpj;bat;asm;asmx</Extensions>
    </Filter>
    <Filter Include="Header Files">
      <UniqueIdentifier>{93995380-89BD-4b04-88EB-625FBE52EBFB}</UniqueIdentifier>
      <Extensions>h;hh;hpp;hxx;hm;inl;inc;xsd</Extensions>
    </Filter>
    <Filter Include="Resource Files">
      <UniqueIdentifier>{67DA6AB6-F800-4c08-8B7A-83BB121AAD01}</UniqueIdentifier>
      <Extensions>rc;ico;cur;bmp;dlg;rc2;rct;bin;rgs;gif;jpg;jpeg;jpe;resx;tiff;tif;png;wav;mfcribbon-ms</Extensions>
    </Filter>
    <Filter Include="quake">
      <UniqueIdentifier>{7cc5796c-8e56-40f7-a606-f732f7ba8e4e}</UniqueIdentifier>
    </Filter>
  </ItemGroup>
  <ItemGroup>
    <ClCompile Include="cd_null.cpp">
      <Filter>quake</Filter>
    </ClCompile>
    <ClCompile Include="chase.cpp">
      <Filter>quake</Filter>
    </ClCompile>
    <ClCompile Include="cl_demo.cpp">
      <Filter>quake</Filter>
    </ClCompile>
    <ClCompile Include="cl_input.cpp">
      <Filter>quake</Filter>
    </ClCompile>
    <ClCompile Include="cl_main.cpp">
      <Filter>quake</Filter>
    </ClCompile>
    <ClCompile Include="cl_parse.cpp">
      <Filter>quake</Filter>
    </ClCompile>
    <ClCompile Include="cl_tent.cpp">
      <Filter>quake</Filter>
    </ClCompile>
    <ClCompile Include="common.cpp">
      <Filter>quake</Filter>
    </ClCompile>
    <ClCompile Include="cmd.cpp">
      <Filter>quake</Filter>
    </ClCompile>
    <ClCompile Include="conproc.cpp">
      <Filter>quake</Filter>
    </ClCompile>
    <ClCompile Include="console.cpp">
      <Filter>quake</Filter>
    </ClCompile>
    <ClCompile Include="crc.cpp">
      <Filter>quake</Filter>
    </ClCompile>
    <ClCompile Include="cvar.cpp">
      <Filter>quake</Filter>
    </ClCompile>
    <ClCompile Include="d_edge.cpp">
      <Filter>quake</Filter>
    </ClCompile>
    <ClCompile Include="d_fill.cpp">
      <Filter>quake</Filter>
    </ClCompile>
    <ClCompile Include="d_init.cpp">
      <Filter>quake</Filter>
    </ClCompile>
    <ClCompile Include="d_modech.cpp">
      <Filter>quake</Filter>
    </ClCompile>
    <ClCompile Include="d_part.cpp">
      <Filter>quake</Filter>
    </ClCompile>
    <ClCompile Include="d_polyse.cpp">
      <Filter>quake</Filter>
    </ClCompile>
    <ClCompile Include="d_scan.cpp">
      <Filter>quake</Filter>
    </ClCompile>
    <ClCompile Include="d_sky.cpp">
      <Filter>quake</Filter>
    </ClCompile>
    <ClCompile Include="d_sprite.cpp">
      <Filter>quake</Filter>
    </ClCompile>
    <ClCompile Include="d_surf.cpp">
      <Filter>quake</Filter>
    </ClCompile>
    <ClCompile Include="d_vars.cpp">
      <Filter>quake</Filter>
    </ClCompile>
    <ClCompile Include="d_zpoint.cpp">
      <Filter>quake</Filter>
    </ClCompile>
    <ClCompile Include="draw.cpp">
      <Filter>quake</Filter>
    </ClCompile>
    <ClCompile Include="host.cpp">
      <Filter>quake</Filter>
    </ClCompile>
    <ClCompile Include="host_cmd.cpp">
      <Filter>quake</Filter>
    </ClCompile>
    <ClCompile Include="in_null.cpp">
      <Filter>quake</Filter>
    </ClCompile>
    <ClCompile Include="keys.cpp">
      <Filter>quake</Filter>
    </ClCompile>
    <ClCompile Include="mathlib.cpp">
      <Filter>quake</Filter>
    </ClCompile>
    <ClCompile Include="menu.cpp">
      <Filter>quake</Filter>
    </ClCompile>
    <ClCompile Include="model.cpp">
      <Filter>quake</Filter>
    </ClCompile>
    <ClCompile Include="net_loop.cpp">
      <Filter>quake</Filter>
    </ClCompile>
    <ClCompile Include="net_main.cpp">
      <Filter>quake</Filter>
    </ClCompile>
    <ClCompile Include="net_none.cpp">
      <Filter>quake</Filter>
    </ClCompile>
    <ClCompile Include="nonintel.cpp">
      <Filter>quake</Filter>
    </ClCompile>
    <ClCompile Include="pr_cmds.cpp">
      <Filter>quake</Filter>
    </ClCompile>
    <ClCompile Include="pr_edict.cpp">
      <Filter>quake</Filter>
    </ClCompile>
    <ClCompile Include="pr_exec.cpp">
      <Filter>quake</Filter>
    </ClCompile>
    <ClCompile Include="r_aclip.cpp">
      <Filter>quake</Filter>
    </ClCompile>
    <ClCompile Include="r_alias.cpp">
      <Filter>quake</Filter>
    </ClCompile>
    <ClCompile Include="r_bsp.cpp">
      <Filter>quake</Filter>
    </ClCompile>
    <ClCompile Include="r_draw.cpp">
      <Filter>quake</Filter>
    </ClCompile>
    <ClCompile Include="r_edge.cpp">
      <Filter>quake</Filter>
    </ClCompile>
    <ClCompile Include="r_efrag.cpp">
      <Filter>quake</Filter>
    </ClCompile>
    <ClCompile Include="r_light.cpp">
      <Filter>quake</Filter>
    </ClCompile>
    <ClCompile Include="r_main.cpp">
      <Filter>quake</Filter>
    </ClCompile>
    <ClCompile Include="r_misc.cpp">
      <Filter>quake</Filter>
    </ClCompile>
    <ClCompile Include="r_part.cpp">
      <Filter>quake</Filter>
    </ClCompile>
    <ClCompile Include="r_sky.cpp">
      <Filter>quake</Filter>
    </ClCompile>
    <ClCompile Include="r_sprite.cpp">
      <Filter>quake</Filter>
    </ClCompile>
    <ClCompile Include="r_surf.cpp">
      <Filter>quake</Filter>
    </ClCompile>
    <ClCompile Include="r_vars.cpp">
      <Filter>quake</Filter>
    </ClCompile>
    <ClCompile Include="sbar.cpp">
      <Filter>quake</Filter>
    </ClCompile>
    <ClCompile Include="screen.cpp">
      <Filter>quake</Filter>
    </ClCompile>
    <ClCompile Include="snd_null.cpp">
      <Filter>quake</Filter>
    </ClCompile>
    <ClCompile Include="sv_main.cpp">
      <Filter>quake</Filter>
    </ClCompile>
    <ClCompile Include="sv_move.cpp">
      <Filter>quake</Filter>
    </ClCompile>
    <ClCompile Include="sv_phys.cpp">
      <Filter>quake</Filter>
    </ClCompile>
    <ClCompile Include="sv_user.cpp">
      <Filter>quake</Filter>
    </ClCompile>
    <ClCompile Include="sys_null.cpp">
      <Filter>quake</Filter>
    </ClCompile>
    <ClCompile Include="vid_null.cpp">
      <Filter>quake</Filter>
    </ClCompile>
    <ClCompile Include="view.cpp">
      <Filter>quake</Filter>
    </ClCompile>
    <ClCompile Include="wad.cpp">
      <Filter>quake</Filter>
    </ClCompile>
    <ClCompile Include="world.cpp">
      <Filter>quake</Filter>
    </ClCompile>
    <ClCompile Include="zone.cpp">
      <Filter>quake</Filter>
    </ClCompile>
    <ClCompile Include="net_vcr.cpp">
      <Filter>quake</Filter>
    </ClCompile>
    <ClCompile Include="global.cpp">
      <Filter>quake</Filter>
    </ClCompile>
    <ClCompile Include="umm_malloc.cpp">
      <Filter>quake</Filter>
    </ClCompile>
  </ItemGroup>
  <ItemGroup>
    <Image Include="quake.gif">
      <Filter>quake</Filter>
    </Image>
  </ItemGroup>
  <ItemGroup>
    <ClInclude Include="adivtab.h">
      <Filter>quake</Filter>
    </ClInclude>
    <ClInclude Include="anorm_dots.h">
      <Filter>quake</Filter>
    </ClInclude>
    <ClInclude Include="anorms.h">
      <Filter>quake</Filter>
    </ClInclude>
    <ClInclude Include="asm_draw.h">
      <Filter>quake</Filter>
    </ClInclude>
    <ClInclude Include="asm_i386.h">
      <Filter>quake</Filter>
    </ClInclude>
    <ClInclude Include="block8.h">
      <Filter>quake</Filter>
    </ClInclude>
    <ClInclude Include="block16.h">
      <Filter>quake</Filter>
    </ClInclude>
    <ClInclude Include="bspfile.h">
      <Filter>quake</Filter>
    </ClInclude>
    <ClInclude Include="cdaudio.h">
      <Filter>quake</Filter>
    </ClInclude>
    <ClInclude Include="client.h">
      <Filter>quake</Filter>
    </ClInclude>
    <ClInclude Include="cmd.h">
      <Filter>quake</Filter>
    </ClInclude>
    <ClInclude Include="common.h">
      <Filter>quake</Filter>
    </ClInclude>
    <ClInclude Include="conproc.h">
      <Filter>quake</Filter>
    </ClInclude>
    <ClInclude Include="console.h">
      <Filter>quake</Filter>
    </ClInclude>
    <ClInclude Include="crc.h">
      <Filter>quake</Filter>
    </ClInclude>
    <ClInclude Include="cvar.h">
      <Filter>quake</Filter>
    </ClInclude>
    <ClInclude Include="d_iface.h">
      <Filter>quake</Filter>
    </ClInclude>
    <ClInclude Include="d_ifacea.h">
      <Filter>quake</Filter>
    </ClInclude>
    <ClInclude Include="d_local.h">
      <Filter>quake</Filter>
    </ClInclude>
    <ClInclude Include="dosisms.h">
      <Filter>quake</Filter>
    </ClInclude>
    <ClInclude Include="draw.h">
      <Filter>quake</Filter>
    </ClInclude>
    <ClInclude Include="input.h">
      <Filter>quake</Filter>
    </ClInclude>
    <ClInclude Include="keys.h">
      <Filter>quake</Filter>
    </ClInclude>
    <ClInclude Include="mathlib.h">
      <Filter>quake</Filter>
    </ClInclude>
    <ClInclude Include="menu.h">
      <Filter>quake</Filter>
    </ClInclude>
    <ClInclude Include="model.h">
      <Filter>quake</Filter>
    </ClInclude>
    <ClInclude Include="modelgen.h">
      <Filter>quake</Filter>
    </ClInclude>
    <ClInclude Include="mpdosock.h">
      <Filter>quake</Filter>
    </ClInclude>
    <ClInclude Include="net.h">
      <Filter>quake</Filter>
    </ClInclude>
    <ClInclude Include="net_bw.h">
      <Filter>quake</Filter>
    </ClInclude>
    <ClInclude Include="net_dgrm.h">
      <Filter>quake</Filter>
    </ClInclude>
    <ClInclude Include="net_ipx.h">
      <Filter>quake</Filter>
    </ClInclude>
    <ClInclude Include="net_loop.h">
      <Filter>quake</Filter>
    </ClInclude>
    <ClInclude Include="net_mp.h">
      <Filter>quake</Filter>
    </ClInclude>
    <ClInclude Include="net_ser.h">
      <Filter>quake</Filter>
    </ClInclude>
    <ClInclude Include="net_udp.h">
      <Filter>quake</Filter>
    </ClInclude>
    <ClInclude Include="net_vcr.h">
      <Filter>quake</Filter>
    </ClInclude>
    <ClInclude Include="net_wins.h">
      <Filter>quake</Filter>
    </ClInclude>
    <ClInclude Include="net_wipx.h">
      <Filter>quake</Filter>
    </ClInclude>
    <ClInclude Include="pr_comp.h">
      <Filter>quake</Filter>
    </ClInclude>
    <ClInclude Include="progdefs.h">
      <Filter>quake</Filter>
    </ClInclude>
    <ClInclude Include="progs.h">
      <Filter>quake</Filter>
    </ClInclude>
    <ClInclude Include="protocol.h">
      <Filter>quake</Filter>
    </ClInclude>
    <ClInclude Include="quakeasm.h">
      <Filter>quake</Filter>
    </ClInclude>
    <ClInclude Include="quakedef.h">
      <Filter>quake</Filter>
    </ClInclude>
    <ClInclude Include="r_local.h">
      <Filter>quake</Filter>
    </ClInclude>
    <ClInclude Include="r_shared.h">
      <Filter>quake</Filter>
    </ClInclude>
    <ClInclude Include="render.h">
      <Filter>quake</Filter>
    </ClInclude>
    <ClInclude Include="resource.h">
      <Filter>quake</Filter>
    </ClInclude>
    <ClInclude Include="sbar.h">
      <Filter>quake</Filter>
    </ClInclude>
    <ClInclude Include="screen.h">
      <Filter>quake</Filter>
    </ClInclude>
    <ClInclude Include="server.h">
      <Filter>quake</Filter>
    </ClInclude>
    <ClInclude Include="sound.h">
      <Filter>quake</Filter>
    </ClInclude>
    <ClInclude Include="spritegn.h">
      <Filter>quake</Filter>
    </ClInclude>
    <ClInclude Include="sys.h">
      <Filter>quake</Filter>
    </ClInclude>
    <ClInclude Include="vgamodes.h">
      <Filter>quake</Filter>
    </ClInclude>
    <ClInclude Include="vid.h">
      <Filter>quake</Filter>
    </ClInclude>
    <ClInclude Include="vid_dos.h">
      <Filter>quake</Filter>
    </ClInclude>
    <ClInclude Include="view.h">
      <Filter>quake</Filter>
    </ClInclude>
    <ClInclude Include="vregset.h">
      <Filter>quake</Filter>
    </ClInclude>
    <ClInclude Include="wad.h">
      <Filter>quake</Filter>
    </ClInclude>
    <ClInclude Include="winquake.h">
      <Filter>quake</Filter>
    </ClInclude>
    <ClInclude Include="world.h">
      <Filter>quake</Filter>
    </ClInclude>
    <ClInclude Include="zone.h">
      <Filter>quake</Filter>
    </ClInclude>
    <ClInclude Include="globals.h">
      <Filter>quake</Filter>
    </ClInclude>
    <ClInclude Include="umm_malloc.h">
      <Filter>quake</Filter>
    </ClInclude>
    <ClInclude Include="umm_malloc_cfg.h">
      <Filter>quake</Filter>
    </ClInclude>
    <ClInclude Include="icommon.h">
      <Filter>quake</Filter>
    </ClInclude>
  </ItemGroup>
  <ItemGroup>
    <Natvis Include="quake_types.natvis" />
  </ItemGroup>
</Project>