
Microsoft Visual Studio Solution File, Format Version 12.00
# Visual Studio 15
VisualStudioVersion = 15.0.26430.15
MinimumVisualStudioVersion = 10.0.40219.1
Project("{8BC9CEB8-8B4A-11D0-8D11-00A0C91BC942}") = "glfw3", "glfw3\glfw3.vcxproj", "{EBD2796F-27B4-4891-80D6-D38878655F42}"
EndProject
Project("{8BC9CEB8-8B4A-11D0-8D11-00A0C91BC942}") = "quake_framebuffer", "quake_framebuffer\quake_framebuffer.vcxproj", "{91702CCD-7BEA-4E89-AA07-22A5363E4572}"
EndProject
Global
	GlobalSection(SolutionConfigurationPlatforms) = preSolution
		Debug|x64 = Debug|x64
		Debug|x86 = Debug|x86
		Release|x64 = Release|x64
		Release|x86 = Release|x86
	EndGlobalSection
	GlobalSection(ProjectConfigurationPlatforms) = postSolution
		{EBD2796F-27B4-4891-80D6-D38878655F42}.Debug|x64.ActiveCfg = Debug|x64
		{EBD2796F-27B4-4891-80D6-D38878655F42}.Debug|x64.Build.0 = Debug|x64
		{EBD2796F-27B4-4891-80D6-D38878655F42}.Debug|x86.ActiveCfg = Debug|Win32
		{EBD2796F-27B4-4891-80D6-D38878655F42}.Debug|x86.Build.0 = Debug|Win32
		{EBD2796F-27B4-4891-80D6-D38878655F42}.Release|x64.ActiveCfg = Release|x64
		{EBD2796F-27B4-4891-80D6-D38878655F42}.Release|x64.Build.0 = Release|x64
		{EBD2796F-27B4-4891-80D6-D38878655F42}.Release|x86.ActiveCfg = Release|Win32
		{EBD2796F-27B4-4891-80D6-D38878655F42}.Release|x86.Build.0 = Release|Win32
		{91702CCD-7BEA-4E89-AA07-22A5363E4572}.Debug|x64.ActiveCfg = Debug|x64
		{91702CCD-7BEA-4E89-AA07-22A5363E4572}.Debug|x64.Build.0 = Debug|x64
		{91702CCD-7BEA-4E89-AA07-22A5363E4572}.Debug|x86.ActiveCfg = Debug|Win32
		{91702CCD-7BEA-4E89-AA07-22A5363E4572}.Debug|x86.Build.0 = Debug|Win32
		{91702CCD-7BEA-4E89-AA07-22A5363E4572}.Release|x64.ActiveCfg = Release|x64
		{91702CCD-7BEA-4E89-AA07-22A5363E4572}.Release|x64.Build.0 = Release|x64
		{91702CCD-7BEA-4E89-AA07-22A5363E4572}.Release|x86.ActiveCfg = Release|Win32
		{91702CCD-7BEA-4E89-AA07-22A5363E4572}.Release|x86.Build.0 = Release|Win32
	EndGlobalSection
	GlobalSection(SolutionProperties) = preSolution
		HideSolutionNode = FALSE
	EndGlobalSection
	GlobalSection(ExtensibilityGlobals) = postSolution
		SolutionGuid = {94479255-9199-445E-AB7A-52214871BD20}
	EndGlobalSection
EndGlobal
